// !$*UTF8*$!
{
	archiveVersion = 1;
	classes = {
	};
	objectVersion = 55;
	objects = {

/* Begin PBXBuildFile section */
		8415CFD7277654B9008523A7 /* TodoTableViewCell.swift in Sources */ = {isa = PBXBuildFile; fileRef = 8415CFD5277654B9008523A7 /* TodoTableViewCell.swift */; };
		8415CFD8277654B9008523A7 /* TodoTableViewCell.xib in Resources */ = {isa = PBXBuildFile; fileRef = 8415CFD6277654B9008523A7 /* TodoTableViewCell.xib */; };
		8415CFDC2776553D008523A7 /* Constants.swift in Sources */ = {isa = PBXBuildFile; fileRef = 8415CFDB2776553D008523A7 /* Constants.swift */; };
		8415CFDF2776E30C008523A7 /* TodoViewController.swift in Sources */ = {isa = PBXBuildFile; fileRef = 8415CFDD2776E30C008523A7 /* TodoViewController.swift */; };
		8415CFE02776E30C008523A7 /* TodoViewController.xib in Resources */ = {isa = PBXBuildFile; fileRef = 8415CFDE2776E30C008523A7 /* TodoViewController.xib */; };
		8417BF9B277E99B700B8EB36 /* ToDo Brain.swift in Sources */ = {isa = PBXBuildFile; fileRef = 8417BF9A277E99B700B8EB36 /* ToDo Brain.swift */; };
		8417BF9F277EAB9D00B8EB36 /* TodoDataModel.xcdatamodeld in Sources */ = {isa = PBXBuildFile; fileRef = 8417BF9D277EAB9D00B8EB36 /* TodoDataModel.xcdatamodeld */; };
		8417BFCA277F650300B8EB36 /* CategoryViewController.swift in Sources */ = {isa = PBXBuildFile; fileRef = 8417BFC8277F650300B8EB36 /* CategoryViewController.swift */; };
		8417BFCB277F650300B8EB36 /* CategoryViewController.xib in Resources */ = {isa = PBXBuildFile; fileRef = 8417BFC9277F650300B8EB36 /* CategoryViewController.xib */; };
		8417BFCE277F654E00B8EB36 /* CategoryTableViewCell.swift in Sources */ = {isa = PBXBuildFile; fileRef = 8417BFCC277F654E00B8EB36 /* CategoryTableViewCell.swift */; };
		8417BFCF277F654E00B8EB36 /* CategoryTableViewCell.xib in Resources */ = {isa = PBXBuildFile; fileRef = 8417BFCD277F654E00B8EB36 /* CategoryTableViewCell.xib */; };
		8417BFD5277F701F00B8EB36 /* Category Brain.swift in Sources */ = {isa = PBXBuildFile; fileRef = 8417BFD4277F701F00B8EB36 /* Category Brain.swift */; };
		8467C7F627757BEA002985DD /* AppDelegate.swift in Sources */ = {isa = PBXBuildFile; fileRef = 8467C7F527757BEA002985DD /* AppDelegate.swift */; };
		8467C7F827757BEA002985DD /* SceneDelegate.swift in Sources */ = {isa = PBXBuildFile; fileRef = 8467C7F727757BEA002985DD /* SceneDelegate.swift */; };
		8467C7FF27757BEC002985DD /* Assets.xcassets in Resources */ = {isa = PBXBuildFile; fileRef = 8467C7FE27757BEC002985DD /* Assets.xcassets */; };
		8467C80227757BEC002985DD /* LaunchScreen.storyboard in Resources */ = {isa = PBXBuildFile; fileRef = 8467C80027757BEC002985DD /* LaunchScreen.storyboard */; };
/* End PBXBuildFile section */

/* Begin PBXFileReference section */
		8415CFD5277654B9008523A7 /* TodoTableViewCell.swift */ = {isa = PBXFileReference; lastKnownFileType = sourcecode.swift; path = TodoTableViewCell.swift; sourceTree = "<group>"; };
		8415CFD6277654B9008523A7 /* TodoTableViewCell.xib */ = {isa = PBXFileReference; lastKnownFileType = file.xib; path = TodoTableViewCell.xib; sourceTree = "<group>"; };
		8415CFDB2776553D008523A7 /* Constants.swift */ = {isa = PBXFileReference; lastKnownFileType = sourcecode.swift; path = Constants.swift; sourceTree = "<group>"; };
		8415CFDD2776E30C008523A7 /* TodoViewController.swift */ = {isa = PBXFileReference; lastKnownFileType = sourcecode.swift; path = TodoViewController.swift; sourceTree = "<group>"; };
		8415CFDE2776E30C008523A7 /* TodoViewController.xib */ = {isa = PBXFileReference; lastKnownFileType = file.xib; path = TodoViewController.xib; sourceTree = "<group>"; };
		8417BF9A277E99B700B8EB36 /* ToDo Brain.swift */ = {isa = PBXFileReference; lastKnownFileType = sourcecode.swift; path = "ToDo Brain.swift"; sourceTree = "<group>"; };
		8417BF9E277EAB9D00B8EB36 /* Todo Data Model.xcdatamodel */ = {isa = PBXFileReference; lastKnownFileType = wrapper.xcdatamodel; path = "Todo Data Model.xcdatamodel"; sourceTree = "<group>"; };
		8417BFC8277F650300B8EB36 /* CategoryViewController.swift */ = {isa = PBXFileReference; lastKnownFileType = sourcecode.swift; path = CategoryViewController.swift; sourceTree = "<group>"; };
		8417BFC9277F650300B8EB36 /* CategoryViewController.xib */ = {isa = PBXFileReference; lastKnownFileType = file.xib; path = CategoryViewController.xib; sourceTree = "<group>"; };
		8417BFCC277F654E00B8EB36 /* CategoryTableViewCell.swift */ = {isa = PBXFileReference; lastKnownFileType = sourcecode.swift; path = CategoryTableViewCell.swift; sourceTree = "<group>"; };
		8417BFCD277F654E00B8EB36 /* CategoryTableViewCell.xib */ = {isa = PBXFileReference; lastKnownFileType = file.xib; path = CategoryTableViewCell.xib; sourceTree = "<group>"; };
		8417BFD4277F701F00B8EB36 /* Category Brain.swift */ = {isa = PBXFileReference; lastKnownFileType = sourcecode.swift; path = "Category Brain.swift"; sourceTree = "<group>"; };
		8467C7F227757BEA002985DD /* ToDo- Colorful.app */ = {isa = PBXFileReference; explicitFileType = wrapper.application; includeInIndex = 0; path = "ToDo- Colorful.app"; sourceTree = BUILT_PRODUCTS_DIR; };
		8467C7F527757BEA002985DD /* AppDelegate.swift */ = {isa = PBXFileReference; lastKnownFileType = sourcecode.swift; path = AppDelegate.swift; sourceTree = "<group>"; };
		8467C7F727757BEA002985DD /* SceneDelegate.swift */ = {isa = PBXFileReference; lastKnownFileType = sourcecode.swift; path = SceneDelegate.swift; sourceTree = "<group>"; };
		8467C7FE27757BEC002985DD /* Assets.xcassets */ = {isa = PBXFileReference; lastKnownFileType = folder.assetcatalog; path = Assets.xcassets; sourceTree = "<group>"; };
		8467C80127757BEC002985DD /* Base */ = {isa = PBXFileReference; lastKnownFileType = file.storyboard; name = Base; path = Base.lproj/LaunchScreen.storyboard; sourceTree = "<group>"; };
		8467C80327757BEC002985DD /* Info.plist */ = {isa = PBXFileReference; lastKnownFileType = text.plist.xml; path = Info.plist; sourceTree = "<group>"; };
/* End PBXFileReference section */

/* Begin PBXFrameworksBuildPhase section */
		8467C7EF27757BEA002985DD /* Frameworks */ = {
			isa = PBXFrameworksBuildPhase;
			buildActionMask = 2147483647;
			files = (
			);
			runOnlyForDeploymentPostprocessing = 0;
		};
/* End PBXFrameworksBuildPhase section */

/* Begin PBXGroup section */
		8415CFD9277654C7008523A7 /* VIEWS */ = {
			isa = PBXGroup;
			children = (
				8417BFD0277F656C00B8EB36 /* ViewController */,
				8417BFD1277F658400B8EB36 /* Cell */,
			);
			path = VIEWS;
			sourceTree = "<group>";
		};
		8415CFDA277654DB008523A7 /* CONTROLERS */ = {
			isa = PBXGroup;
			children = (
				8417BFD2277F659900B8EB36 /* ViewController */,
				8417BFD3277F65AD00B8EB36 /* Cell */,
			);
			path = CONTROLERS;
			sourceTree = "<group>";
		};
		8417BF98277E6DC100B8EB36 /* Data Model */ = {
			isa = PBXGroup;
			children = (
				8417BF9D277EAB9D00B8EB36 /* TodoDataModel.xcdatamodeld */,
			);
			path = "Data Model";
			sourceTree = "<group>";
		};
		8417BF99277E6DF300B8EB36 /* Supporting Files */ = {
			isa = PBXGroup;
			children = (
				8415CFDB2776553D008523A7 /* Constants.swift */,
				8467C7FE27757BEC002985DD /* Assets.xcassets */,
				8467C80027757BEC002985DD /* LaunchScreen.storyboard */,
			);
			path = "Supporting Files";
			sourceTree = "<group>";
		};
		8417BF9C277EAB5900B8EB36 /* MODEL */ = {
			isa = PBXGroup;
			children = (
				8417BFD4277F701F00B8EB36 /* Category Brain.swift */,
				8417BF9A277E99B700B8EB36 /* ToDo Brain.swift */,
			);
			path = MODEL;
			sourceTree = "<group>";
		};
		8417BFD0277F656C00B8EB36 /* ViewController */ = {
			isa = PBXGroup;
			children = (
				8417BFC9277F650300B8EB36 /* CategoryViewController.xib */,
				8415CFDE2776E30C008523A7 /* TodoViewController.xib */,
			);
			path = ViewController;
			sourceTree = "<group>";
		};
		8417BFD1277F658400B8EB36 /* Cell */ = {
			isa = PBXGroup;
			children = (
				8415CFD6277654B9008523A7 /* TodoTableViewCell.xib */,
				8417BFCD277F654E00B8EB36 /* CategoryTableViewCell.xib */,
			);
			path = Cell;
			sourceTree = "<group>";
		};
		8417BFD2277F659900B8EB36 /* ViewController */ = {
			isa = PBXGroup;
			children = (
				8417BFC8277F650300B8EB36 /* CategoryViewController.swift */,
				8415CFDD2776E30C008523A7 /* TodoViewController.swift */,
			);
			path = ViewController;
			sourceTree = "<group>";
		};
		8417BFD3277F65AD00B8EB36 /* Cell */ = {
			isa = PBXGroup;
			children = (
				8417BFCC277F654E00B8EB36 /* CategoryTableViewCell.swift */,
				8415CFD5277654B9008523A7 /* TodoTableViewCell.swift */,
			);
			path = Cell;
			sourceTree = "<group>";
		};
		8467C7E927757BEA002985DD = {
			isa = PBXGroup;
			children = (
				8467C7F427757BEA002985DD /* ToDo- Colorful */,
				8467C7F327757BEA002985DD /* Products */,
			);
			sourceTree = "<group>";
		};
		8467C7F327757BEA002985DD /* Products */ = {
			isa = PBXGroup;
			children = (
				8467C7F227757BEA002985DD /* ToDo- Colorful.app */,
			);
			name = Products;
			sourceTree = "<group>";
		};
		8467C7F427757BEA002985DD /* ToDo- Colorful */ = {
			isa = PBXGroup;
			children = (
				8467C7F527757BEA002985DD /* AppDelegate.swift */,
				8467C7F727757BEA002985DD /* SceneDelegate.swift */,
				8417BF98277E6DC100B8EB36 /* Data Model */,
				8415CFD9277654C7008523A7 /* VIEWS */,
				8417BF9C277EAB5900B8EB36 /* MODEL */,
				8415CFDA277654DB008523A7 /* CONTROLERS */,
				8417BF99277E6DF300B8EB36 /* Supporting Files */,
				8467C80327757BEC002985DD /* Info.plist */,
			);
			path = "ToDo- Colorful";
			sourceTree = "<group>";
		};
/* End PBXGroup section */

/* Begin PBXNativeTarget section */
		8467C7F127757BEA002985DD /* ToDo- Colorful */ = {
			isa = PBXNativeTarget;
			buildConfigurationList = 8467C80627757BEC002985DD /* Build configuration list for PBXNativeTarget "ToDo- Colorful" */;
			buildPhases = (
				8467C7EE27757BEA002985DD /* Sources */,
				8467C7EF27757BEA002985DD /* Frameworks */,
				8467C7F027757BEA002985DD /* Resources */,
			);
			buildRules = (
			);
			dependencies = (
			);
			name = "ToDo- Colorful";
			productName = "ToDo- Colorful";
			productReference = 8467C7F227757BEA002985DD /* ToDo- Colorful.app */;
			productType = "com.apple.product-type.application";
		};
/* End PBXNativeTarget section */

/* Begin PBXProject section */
		8467C7EA27757BEA002985DD /* Project object */ = {
			isa = PBXProject;
			attributes = {
				BuildIndependentTargetsInParallel = 1;
				LastSwiftUpdateCheck = 1320;
				LastUpgradeCheck = 1320;
				TargetAttributes = {
					8467C7F127757BEA002985DD = {
						CreatedOnToolsVersion = 13.2.1;
					};
				};
			};
			buildConfigurationList = 8467C7ED27757BEA002985DD /* Build configuration list for PBXProject "ToDo- Colorful" */;
			compatibilityVersion = "Xcode 13.0";
			developmentRegion = en;
			hasScannedForEncodings = 0;
			knownRegions = (
				en,
				Base,
			);
			mainGroup = 8467C7E927757BEA002985DD;
			productRefGroup = 8467C7F327757BEA002985DD /* Products */;
			projectDirPath = "";
			projectRoot = "";
			targets = (
				8467C7F127757BEA002985DD /* ToDo- Colorful */,
			);
		};
/* End PBXProject section */

/* Begin PBXResourcesBuildPhase section */
		8467C7F027757BEA002985DD /* Resources */ = {
			isa = PBXResourcesBuildPhase;
			buildActionMask = 2147483647;
			files = (
				8415CFE02776E30C008523A7 /* TodoViewController.xib in Resources */,
				8415CFD8277654B9008523A7 /* TodoTableViewCell.xib in Resources */,
				8467C80227757BEC002985DD /* LaunchScreen.storyboard in Resources */,
				8417BFCF277F654E00B8EB36 /* CategoryTableViewCell.xib in Resources */,
				8417BFCB277F650300B8EB36 /* CategoryViewController.xib in Resources */,
				8467C7FF27757BEC002985DD /* Assets.xcassets in Resources */,
			);
			runOnlyForDeploymentPostprocessing = 0;
		};
/* End PBXResourcesBuildPhase section */

/* Begin PBXSourcesBuildPhase section */
		8467C7EE27757BEA002985DD /* Sources */ = {
			isa = PBXSourcesBuildPhase;
			buildActionMask = 2147483647;
			files = (
				8417BF9B277E99B700B8EB36 /* ToDo Brain.swift in Sources */,
				8415CFDF2776E30C008523A7 /* TodoViewController.swift in Sources */,
				8415CFDC2776553D008523A7 /* Constants.swift in Sources */,
				8415CFD7277654B9008523A7 /* TodoTableViewCell.swift in Sources */,
				8417BFCA277F650300B8EB36 /* CategoryViewController.swift in Sources */,
				8467C7F627757BEA002985DD /* AppDelegate.swift in Sources */,
				8417BF9F277EAB9D00B8EB36 /* TodoDataModel.xcdatamodeld in Sources */,
				8467C7F827757BEA002985DD /* SceneDelegate.swift in Sources */,
				8417BFCE277F654E00B8EB36 /* CategoryTableViewCell.swift in Sources */,
				8417BFD5277F701F00B8EB36 /* Category Brain.swift in Sources */,
			);
			runOnlyForDeploymentPostprocessing = 0;
		};
/* End PBXSourcesBuildPhase section */

/* Begin PBXVariantGroup section */
		8467C80027757BEC002985DD /* LaunchScreen.storyboard */ = {
			isa = PBXVariantGroup;
			children = (
				8467C80127757BEC002985DD /* Base */,
			);
			name = LaunchScreen.storyboard;
			sourceTree = "<group>";
		};
/* End PBXVariantGroup section */

/* Begin XCBuildConfiguration section */
		8467C80427757BEC002985DD /* Debug */ = {
			isa = XCBuildConfiguration;
			buildSettings = {
				ALWAYS_SEARCH_USER_PATHS = NO;
				CLANG_ANALYZER_NONNULL = YES;
				CLANG_ANALYZER_NUMBER_OBJECT_CONVERSION = YES_AGGRESSIVE;
				CLANG_CXX_LANGUAGE_STANDARD = "gnu++17";
				CLANG_CXX_LIBRARY = "libc++";
				CLANG_ENABLE_MODULES = YES;
				CLANG_ENABLE_OBJC_ARC = YES;
				CLANG_ENABLE_OBJC_WEAK = YES;
				CLANG_WARN_BLOCK_CAPTURE_AUTORELEASING = YES;
				CLANG_WARN_BOOL_CONVERSION = YES;
				CLANG_WARN_COMMA = YES;
				CLANG_WARN_CONSTANT_CONVERSION = YES;
				CLANG_WARN_DEPRECATED_OBJC_IMPLEMENTATIONS = YES;
				CLANG_WARN_DIRECT_OBJC_ISA_USAGE = YES_ERROR;
				CLANG_WARN_DOCUMENTATION_COMMENTS = YES;
				CLANG_WARN_EMPTY_BODY = YES;
				CLANG_WARN_ENUM_CONVERSION = YES;
				CLANG_WARN_INFINITE_RECURSION = YES;
				CLANG_WARN_INT_CONVERSION = YES;
				CLANG_WARN_NON_LITERAL_NULL_CONVERSION = YES;
				CLANG_WARN_OBJC_IMPLICIT_RETAIN_SELF = YES;
				CLANG_WARN_OBJC_LITERAL_CONVERSION = YES;
				CLANG_WARN_OBJC_ROOT_CLASS = YES_ERROR;
				CLANG_WARN_QUOTED_INCLUDE_IN_FRAMEWORK_HEADER = YES;
				CLANG_WARN_RANGE_LOOP_ANALYSIS = YES;
				CLANG_WARN_STRICT_PROTOTYPES = YES;
				CLANG_WARN_SUSPICIOUS_MOVE = YES;
				CLANG_WARN_UNGUARDED_AVAILABILITY = YES_AGGRESSIVE;
				CLANG_WARN_UNREACHABLE_CODE = YES;
				CLANG_WARN__DUPLICATE_METHOD_MATCH = YES;
				COPY_PHASE_STRIP = NO;
				DEBUG_INFORMATION_FORMAT = dwarf;
				ENABLE_STRICT_OBJC_MSGSEND = YES;
				ENABLE_TESTABILITY = YES;
				GCC_C_LANGUAGE_STANDARD = gnu11;
				GCC_DYNAMIC_NO_PIC = NO;
				GCC_NO_COMMON_BLOCKS = YES;
				GCC_OPTIMIZATION_LEVEL = 0;
				GCC_PREPROCESSOR_DEFINITIONS = (
					"DEBUG=1",
					"$(inherited)",
				);
				GCC_WARN_64_TO_32_BIT_CONVERSION = YES;
				GCC_WARN_ABOUT_RETURN_TYPE = YES_ERROR;
				GCC_WARN_UNDECLARED_SELECTOR = YES;
				GCC_WARN_UNINITIALIZED_AUTOS = YES_AGGRESSIVE;
				GCC_WARN_UNUSED_FUNCTION = YES;
				GCC_WARN_UNUSED_VARIABLE = YES;
				IPHONEOS_DEPLOYMENT_TARGET = 15.2;
				MTL_ENABLE_DEBUG_INFO = INCLUDE_SOURCE;
				MTL_FAST_MATH = YES;
				ONLY_ACTIVE_ARCH = YES;
				SDKROOT = iphoneos;
				SWIFT_ACTIVE_COMPILATION_CONDITIONS = DEBUG;
				SWIFT_OPTIMIZATION_LEVEL = "-Onone";
			};
			name = Debug;
		};
		8467C80527757BEC002985DD /* Release */ = {
			isa = XCBuildConfiguration;
			buildSettings = {
				ALWAYS_SEARCH_USER_PATHS = NO;
				CLANG_ANALYZER_NONNULL = YES;
				CLANG_ANALYZER_NUMBER_OBJECT_CONVERSION = YES_AGGRESSIVE;
				CLANG_CXX_LANGUAGE_STANDARD = "gnu++17";
				CLANG_CXX_LIBRARY = "libc++";
				CLANG_ENABLE_MODULES = YES;
				CLANG_ENABLE_OBJC_ARC = YES;
				CLANG_ENABLE_OBJC_WEAK = YES;
				CLANG_WARN_BLOCK_CAPTURE_AUTORELEASING = YES;
				CLANG_WARN_BOOL_CONVERSION = YES;
				CLANG_WARN_COMMA = YES;
				CLANG_WARN_CONSTANT_CONVERSION = YES;
				CLANG_WARN_DEPRECATED_OBJC_IMPLEMENTATIONS = YES;
				CLANG_WARN_DIRECT_OBJC_ISA_USAGE = YES_ERROR;
				CLANG_WARN_DOCUMENTATION_COMMENTS = YES;
				CLANG_WARN_EMPTY_BODY = YES;
				CLANG_WARN_ENUM_CONVERSION = YES;
				CLANG_WARN_INFINITE_RECURSION = YES;
				CLANG_WARN_INT_CONVERSION = YES;
				CLANG_WARN_NON_LITERAL_NULL_CONVERSION = YES;
				CLANG_WARN_OBJC_IMPLICIT_RETAIN_SELF = YES;
				CLANG_WARN_OBJC_LITERAL_CONVERSION = YES;
				CLANG_WARN_OBJC_ROOT_CLASS = YES_ERROR;
				CLANG_WARN_QUOTED_INCLUDE_IN_FRAMEWORK_HEADER = YES;
				CLANG_WARN_RANGE_LOOP_ANALYSIS = YES;
				CLANG_WARN_STRICT_PROTOTYPES = YES;
				CLANG_WARN_SUSPICIOUS_MOVE = YES;
				CLANG_WARN_UNGUARDED_AVAILABILITY = YES_AGGRESSIVE;
				CLANG_WARN_UNREACHABLE_CODE = YES;
				CLANG_WARN__DUPLICATE_METHOD_MATCH = YES;
				COPY_PHASE_STRIP = NO;
				DEBUG_INFORMATION_FORMAT = "dwarf-with-dsym";
				ENABLE_NS_ASSERTIONS = NO;
				ENABLE_STRICT_OBJC_MSGSEND = YES;
				GCC_C_LANGUAGE_STANDARD = gnu11;
				GCC_NO_COMMON_BLOCKS = YES;
				GCC_WARN_64_TO_32_BIT_CONVERSION = YES;
				GCC_WARN_ABOUT_RETURN_TYPE = YES_ERROR;
				GCC_WARN_UNDECLARED_SELECTOR = YES;
				GCC_WARN_UNINITIALIZED_AUTOS = YES_AGGRESSIVE;
				GCC_WARN_UNUSED_FUNCTION = YES;
				GCC_WARN_UNUSED_VARIABLE = YES;
				IPHONEOS_DEPLOYMENT_TARGET = 15.2;
				MTL_ENABLE_DEBUG_INFO = NO;
				MTL_FAST_MATH = YES;
				SDKROOT = iphoneos;
				SWIFT_COMPILATION_MODE = wholemodule;
				SWIFT_OPTIMIZATION_LEVEL = "-O";
				VALIDATE_PRODUCT = YES;
			};
			name = Release;
		};
		8467C80727757BEC002985DD /* Debug */ = {
			isa = XCBuildConfiguration;
			buildSettings = {
				ASSETCATALOG_COMPILER_APPICON_NAME = AppIcon;
				ASSETCATALOG_COMPILER_GLOBAL_ACCENT_COLOR_NAME = AccentColor;
				CODE_SIGN_STYLE = Automatic;
				CURRENT_PROJECT_VERSION = 1;
				DEVELOPMENT_TEAM = A537934VM9;
				GENERATE_INFOPLIST_FILE = YES;
				INFOPLIST_FILE = "ToDo- Colorful/Info.plist";
				INFOPLIST_KEY_UIApplicationSupportsIndirectInputEvents = YES;
				INFOPLIST_KEY_UILaunchStoryboardName = LaunchScreen;
				INFOPLIST_KEY_UISupportedInterfaceOrientations_iPad = "UIInterfaceOrientationPortrait UIInterfaceOrientationPortraitUpsideDown UIInterfaceOrientationLandscapeLeft UIInterfaceOrientationLandscapeRight";
				INFOPLIST_KEY_UISupportedInterfaceOrientations_iPhone = "UIInterfaceOrientationPortrait UIInterfaceOrientationLandscapeLeft UIInterfaceOrientationLandscapeRight";
				LD_RUNPATH_SEARCH_PATHS = (
					"$(inherited)",
					"@executable_path/Frameworks",
				);
				MARKETING_VERSION = 1.0;
				PRODUCT_BUNDLE_IDENTIFIER = "MaikonAPP2.ToDo--Colorful";
				PRODUCT_NAME = "$(TARGET_NAME)";
				SWIFT_EMIT_LOC_STRINGS = YES;
				SWIFT_VERSION = 5.0;
				TARGETED_DEVICE_FAMILY = "1,2";
			};
			name = Debug;
		};
		8467C80827757BEC002985DD /* Release */ = {
			isa = XCBuildConfiguration;
			buildSettings = {
				ASSETCATALOG_COMPILER_APPICON_NAME = AppIcon;
				ASSETCATALOG_COMPILER_GLOBAL_ACCENT_COLOR_NAME = AccentColor;
				CODE_SIGN_STYLE = Automatic;
				CURRENT_PROJECT_VERSION = 1;
				DEVELOPMENT_TEAM = A537934VM9;
				GENERATE_INFOPLIST_FILE = YES;
				INFOPLIST_FILE = "ToDo- Colorful/Info.plist";
				INFOPLIST_KEY_UIApplicationSupportsIndirectInputEvents = YES;
				INFOPLIST_KEY_UILaunchStoryboardName = LaunchScreen;
				INFOPLIST_KEY_UISupportedInterfaceOrientations_iPad = "UIInterfaceOrientationPortrait UIInterfaceOrientationPortraitUpsideDown UIInterfaceOrientationLandscapeLeft UIInterfaceOrientationLandscapeRight";
				INFOPLIST_KEY_UISupportedInterfaceOrientations_iPhone = "UIInterfaceOrientationPortrait UIInterfaceOrientationLandscapeLeft UIInterfaceOrientationLandscapeRight";
				LD_RUNPATH_SEARCH_PATHS = (
					"$(inherited)",
					"@executable_path/Frameworks",
				);
				MARKETING_VERSION = 1.0;
				PRODUCT_BUNDLE_IDENTIFIER = "MaikonAPP2.ToDo--Colorful";
				PRODUCT_NAME = "$(TARGET_NAME)";
				SWIFT_EMIT_LOC_STRINGS = YES;
				SWIFT_VERSION = 5.0;
				TARGETED_DEVICE_FAMILY = "1,2";
			};
			name = Release;
		};
/* End XCBuildConfiguration section */

/* Begin XCConfigurationList section */
		8467C7ED27757BEA002985DD /* Build configuration list for PBXProject "ToDo- Colorful" */ = {
			isa = XCConfigurationList;
			buildConfigurations = (
				8467C80427757BEC002985DD /* Debug */,
				8467C80527757BEC002985DD /* Release */,
			);
			defaultConfigurationIsVisible = 0;
			defaultConfigurationName = Release;
		};
		8467C80627757BEC002985DD /* Build configuration list for PBXNativeTarget "ToDo- Colorful" */ = {
			isa = XCConfigurationList;
			buildConfigurations = (
				8467C80727757BEC002985DD /* Debug */,
				8467C80827757BEC002985DD /* Release */,
			);
			defaultConfigurationIsVisible = 0;
			defaultConfigurationName = Release;
		};
/* End XCConfigurationList section */

/* Begin XCVersionGroup section */
		8417BF9D277EAB9D00B8EB36 /* TodoDataModel.xcdatamodeld */ = {
			isa = XCVersionGroup;
			children = (
				8417BF9E277EAB9D00B8EB36 /* Todo Data Model.xcdatamodel */,
			);
			currentVersion = 8417BF9E277EAB9D00B8EB36 /* Todo Data Model.xcdatamodel */;
			name = TodoDataModel.xcdatamodeld;
			path = ../MODEL/TodoDataModel.xcdatamodeld;
			sourceTree = "<group>";
			versionGroupType = wrapper.xcdatamodel;
		};
/* End XCVersionGroup section */
	};
	rootObject = 8467C7EA27757BEA002985DD /* Project object */;
}
